// !$*UTF8*$!
{
	archiveVersion = 1;
	classes = {
	};
	objectVersion = 46;
	objects = {

/* Begin PBXBuildFile section */
		FA3AEF151EC5178A009E6649 /* AppDelegate.swift in Sources */ = {isa = PBXBuildFile; fileRef = FA3AEF141EC5178A009E6649 /* AppDelegate.swift */; };
		FA3AEF171EC5178A009E6649 /* GameScene.sks in Resources */ = {isa = PBXBuildFile; fileRef = FA3AEF161EC5178A009E6649 /* GameScene.sks */; };
		FA3AEF191EC5178A009E6649 /* Actions.sks in Resources */ = {isa = PBXBuildFile; fileRef = FA3AEF181EC5178A009E6649 /* Actions.sks */; };
		FA3AEF1B1EC5178A009E6649 /* GameScene.swift in Sources */ = {isa = PBXBuildFile; fileRef = FA3AEF1A1EC5178A009E6649 /* GameScene.swift */; };
		FA3AEF1D1EC5178A009E6649 /* GameViewController.swift in Sources */ = {isa = PBXBuildFile; fileRef = FA3AEF1C1EC5178A009E6649 /* GameViewController.swift */; };
		FA3AEF201EC5178B009E6649 /* Main.storyboard in Resources */ = {isa = PBXBuildFile; fileRef = FA3AEF1E1EC5178B009E6649 /* Main.storyboard */; };
		FA3AEF221EC5178B009E6649 /* Assets.xcassets in Resources */ = {isa = PBXBuildFile; fileRef = FA3AEF211EC5178B009E6649 /* Assets.xcassets */; };
		FA3AEF251EC5178B009E6649 /* LaunchScreen.storyboard in Resources */ = {isa = PBXBuildFile; fileRef = FA3AEF231EC5178B009E6649 /* LaunchScreen.storyboard */; };
/* End PBXBuildFile section */

/* Begin PBXFileReference section */
		FA3AEF111EC5178A009E6649 /* IOS - TP2.app */ = {isa = PBXFileReference; explicitFileType = wrapper.application; includeInIndex = 0; path = "IOS - TP2.app"; sourceTree = BUILT_PRODUCTS_DIR; };
		FA3AEF141EC5178A009E6649 /* AppDelegate.swift */ = {isa = PBXFileReference; lastKnownFileType = sourcecode.swift; path = AppDelegate.swift; sourceTree = "<group>"; };
		FA3AEF161EC5178A009E6649 /* GameScene.sks */ = {isa = PBXFileReference; lastKnownFileType = file.sks; path = GameScene.sks; sourceTree = "<group>"; };
		FA3AEF181EC5178A009E6649 /* Actions.sks */ = {isa = PBXFileReference; lastKnownFileType = file.sks; path = Actions.sks; sourceTree = "<group>"; };
		FA3AEF1A1EC5178A009E6649 /* GameScene.swift */ = {isa = PBXFileReference; lastKnownFileType = sourcecode.swift; path = GameScene.swift; sourceTree = "<group>"; };
		FA3AEF1C1EC5178A009E6649 /* GameViewController.swift */ = {isa = PBXFileReference; lastKnownFileType = sourcecode.swift; path = GameViewController.swift; sourceTree = "<group>"; };
		FA3AEF1F1EC5178B009E6649 /* Base */ = {isa = PBXFileReference; lastKnownFileType = file.storyboard; name = Base; path = Base.lproj/Main.storyboard; sourceTree = "<group>"; };
		FA3AEF211EC5178B009E6649 /* Assets.xcassets */ = {isa = PBXFileReference; lastKnownFileType = folder.assetcatalog; path = Assets.xcassets; sourceTree = "<group>"; };
		FA3AEF241EC5178B009E6649 /* Base */ = {isa = PBXFileReference; lastKnownFileType = file.storyboard; name = Base; path = Base.lproj/LaunchScreen.storyboard; sourceTree = "<group>"; };
		FA3AEF261EC5178B009E6649 /* Info.plist */ = {isa = PBXFileReference; lastKnownFileType = text.plist.xml; path = Info.plist; sourceTree = "<group>"; };
/* End PBXFileReference section */

/* Begin PBXFrameworksBuildPhase section */
		FA3AEF0E1EC5178A009E6649 /* Frameworks */ = {
			isa = PBXFrameworksBuildPhase;
			buildActionMask = 2147483647;
			files = (
			);
			runOnlyForDeploymentPostprocessing = 0;
		};
/* End PBXFrameworksBuildPhase section */

/* Begin PBXGroup section */
		FA3AEF081EC5178A009E6649 = {
			isa = PBXGroup;
			children = (
				FA3AEF131EC5178A009E6649 /* IOS - TP2 */,
				FA3AEF121EC5178A009E6649 /* Products */,
			);
			sourceTree = "<group>";
		};
		FA3AEF121EC5178A009E6649 /* Products */ = {
			isa = PBXGroup;
			children = (
				FA3AEF111EC5178A009E6649 /* IOS - TP2.app */,
			);
			name = Products;
			sourceTree = "<group>";
		};
		FA3AEF131EC5178A009E6649 /* IOS - TP2 */ = {
			isa = PBXGroup;
			children = (
				FA3AEF141EC5178A009E6649 /* AppDelegate.swift */,
				FA3AEF161EC5178A009E6649 /* GameScene.sks */,
				FA3AEF181EC5178A009E6649 /* Actions.sks */,
				FA3AEF1A1EC5178A009E6649 /* GameScene.swift */,
				FA3AEF1C1EC5178A009E6649 /* GameViewController.swift */,
				FA3AEF1E1EC5178B009E6649 /* Main.storyboard */,
				FA3AEF211EC5178B009E6649 /* Assets.xcassets */,
				FA3AEF231EC5178B009E6649 /* LaunchScreen.storyboard */,
				FA3AEF261EC5178B009E6649 /* Info.plist */,
			);
			path = "IOS - TP2";
			sourceTree = "<group>";
		};
/* End PBXGroup section */

/* Begin PBXNativeTarget section */
		FA3AEF101EC5178A009E6649 /* IOS - TP2 */ = {
			isa = PBXNativeTarget;
			buildConfigurationList = FA3AEF291EC5178B009E6649 /* Build configuration list for PBXNativeTarget "IOS - TP2" */;
			buildPhases = (
				FA3AEF0D1EC5178A009E6649 /* Sources */,
				FA3AEF0E1EC5178A009E6649 /* Frameworks */,
				FA3AEF0F1EC5178A009E6649 /* Resources */,
			);
			buildRules = (
			);
			dependencies = (
			);
			name = "IOS - TP2";
			productName = "IOS - TP2";
			productReference = FA3AEF111EC5178A009E6649 /* IOS - TP2.app */;
			productType = "com.apple.product-type.application";
		};
/* End PBXNativeTarget section */

/* Begin PBXProject section */
		FA3AEF091EC5178A009E6649 /* Project object */ = {
			isa = PBXProject;
			attributes = {
				LastSwiftUpdateCheck = 0820;
				LastUpgradeCheck = 0820;
				ORGANIZATIONNAME = "Agustin Mounier";
				TargetAttributes = {
					FA3AEF101EC5178A009E6649 = {
						CreatedOnToolsVersion = 8.2.1;
						DevelopmentTeam = PB5FZN55H7;
						ProvisioningStyle = Automatic;
					};
				};
			};
			buildConfigurationList = FA3AEF0C1EC5178A009E6649 /* Build configuration list for PBXProject "IOS - TP2" */;
			compatibilityVersion = "Xcode 3.2";
			developmentRegion = English;
			hasScannedForEncodings = 0;
			knownRegions = (
				en,
				Base,
			);
			mainGroup = FA3AEF081EC5178A009E6649;
			productRefGroup = FA3AEF121EC5178A009E6649 /* Products */;
			projectDirPath = "";
			projectRoot = "";
			targets = (
				FA3AEF101EC5178A009E6649 /* IOS - TP2 */,
			);
		};
/* End PBXProject section */

/* Begin PBXResourcesBuildPhase section */
		FA3AEF0F1EC5178A009E6649 /* Resources */ = {
			isa = PBXResourcesBuildPhase;
			buildActionMask = 2147483647;
			files = (
				FA3AEF201EC5178B009E6649 /* Main.storyboard in Resources */,
				FA3AEF171EC5178A009E6649 /* GameScene.sks in Resources */,
				FA3AEF221EC5178B009E6649 /* Assets.xcassets in Resources */,
				FA3AEF251EC5178B009E6649 /* LaunchScreen.storyboard in Resources */,
				FA3AEF191EC5178A009E6649 /* Actions.sks in Resources */,
			);
			runOnlyForDeploymentPostprocessing = 0;
		};
/* End PBXResourcesBuildPhase section */

/* Begin PBXSourcesBuildPhase section */
		FA3AEF0D1EC5178A009E6649 /* Sources */ = {
			isa = PBXSourcesBuildPhase;
			buildActionMask = 2147483647;
			files = (
				FA3AEF1B1EC5178A009E6649 /* GameScene.swift in Sources */,
				FA3AEF1D1EC5178A009E6649 /* GameViewController.swift in Sources */,
				FA3AEF151EC5178A009E6649 /* AppDelegate.swift in Sources */,
			);
			runOnlyForDeploymentPostprocessing = 0;
		};
/* End PBXSourcesBuildPhase section */

/* Begin PBXVariantGroup section */
		FA3AEF1E1EC5178B009E6649 /* Main.storyboard */ = {
			isa = PBXVariantGroup;
			children = (
				FA3AEF1F1EC5178B009E6649 /* Base */,
			);
			name = Main.storyboard;
			sourceTree = "<group>";
		};
		FA3AEF231EC5178B009E6649 /* LaunchScreen.storyboard */ = {
			isa = PBXVariantGroup;
			children = (
				FA3AEF241EC5178B009E6649 /* Base */,
			);
			name = LaunchScreen.storyboard;
			sourceTree = "<group>";
		};
/* End PBXVariantGroup section */

/* Begin XCBuildConfiguration section */
		FA3AEF271EC5178B009E6649 /* Debug */ = {
			isa = XCBuildConfiguration;
			buildSettings = {
				ALWAYS_SEARCH_USER_PATHS = NO;
				CLANG_ANALYZER_NONNULL = YES;
				CLANG_CXX_LANGUAGE_STANDARD = "gnu++0x";
				CLANG_CXX_LIBRARY = "libc++";
				CLANG_ENABLE_MODULES = YES;
				CLANG_ENABLE_OBJC_ARC = YES;
				CLANG_WARN_BOOL_CONVERSION = YES;
				CLANG_WARN_CONSTANT_CONVERSION = YES;
				CLANG_WARN_DIRECT_OBJC_ISA_USAGE = YES_ERROR;
				CLANG_WARN_DOCUMENTATION_COMMENTS = YES;
				CLANG_WARN_EMPTY_BODY = YES;
				CLANG_WARN_ENUM_CONVERSION = YES;
				CLANG_WARN_INFINITE_RECURSION = YES;
				CLANG_WARN_INT_CONVERSION = YES;
				CLANG_WARN_OBJC_ROOT_CLASS = YES_ERROR;
				CLANG_WARN_SUSPICIOUS_MOVE = YES;
				CLANG_WARN_UNREACHABLE_CODE = YES;
				CLANG_WARN__DUPLICATE_METHOD_MATCH = YES;
				"CODE_SIGN_IDENTITY[sdk=iphoneos*]" = "iPhone Developer";
				COPY_PHASE_STRIP = NO;
				DEBUG_INFORMATION_FORMAT = dwarf;
				ENABLE_STRICT_OBJC_MSGSEND = YES;
				ENABLE_TESTABILITY = YES;
				GCC_C_LANGUAGE_STANDARD = gnu99;
				GCC_DYNAMIC_NO_PIC = NO;
				GCC_NO_COMMON_BLOCKS = YES;
				GCC_OPTIMIZATION_LEVEL = 0;
				GCC_PREPROCESSOR_DEFINITIONS = (
					"DEBUG=1",
					"$(inherited)",
				);
				GCC_WARN_64_TO_32_BIT_CONVERSION = YES;
				GCC_WARN_ABOUT_RETURN_TYPE = YES_ERROR;
				GCC_WARN_UNDECLARED_SELECTOR = YES;
				GCC_WARN_UNINITIALIZED_AUTOS = YES_AGGRESSIVE;
				GCC_WARN_UNUSED_FUNCTION = YES;
				GCC_WARN_UNUSED_VARIABLE = YES;
				IPHONEOS_DEPLOYMENT_TARGET = 10.2;
				MTL_ENABLE_DEBUG_INFO = YES;
				ONLY_ACTIVE_ARCH = YES;
				SDKROOT = iphoneos;
				SWIFT_ACTIVE_COMPILATION_CONDITIONS = DEBUG;
				SWIFT_OPTIMIZATION_LEVEL = "-Onone";
				TARGETED_DEVICE_FAMILY = "1,2";
			};
			name = Debug;
		};
		FA3AEF281EC5178B009E6649 /* Release */ = {
			isa = XCBuildConfiguration;
			buildSettings = {
				ALWAYS_SEARCH_USER_PATHS = NO;
				CLANG_ANALYZER_NONNULL = YES;
				CLANG_CXX_LANGUAGE_STANDARD = "gnu++0x";
				CLANG_CXX_LIBRARY = "libc++";
				CLANG_ENABLE_MODULES = YES;
				CLANG_ENABLE_OBJC_ARC = YES;
				CLANG_WARN_BOOL_CONVERSION = YES;
				CLANG_WARN_CONSTANT_CONVERSION = YES;
				CLANG_WARN_DIRECT_OBJC_ISA_USAGE = YES_ERROR;
				CLANG_WARN_DOCUMENTATION_COMMENTS = YES;
				CLANG_WARN_EMPTY_BODY = YES;
				CLANG_WARN_ENUM_CONVERSION = YES;
				CLANG_WARN_INFINITE_RECURSION = YES;
				CLANG_WARN_INT_CONVERSION = YES;
				CLANG_WARN_OBJC_ROOT_CLASS = YES_ERROR;
				CLANG_WARN_SUSPICIOUS_MOVE = YES;
				CLANG_WARN_UNREACHABLE_CODE = YES;
				CLANG_WARN__DUPLICATE_METHOD_MATCH = YES;
				"CODE_SIGN_IDENTITY[sdk=iphoneos*]" = "iPhone Developer";
				COPY_PHASE_STRIP = NO;
				DEBUG_INFORMATION_FORMAT = "dwarf-with-dsym";
				ENABLE_NS_ASSERTIONS = NO;
				ENABLE_STRICT_OBJC_MSGSEND = YES;
				GCC_C_LANGUAGE_STANDARD = gnu99;
				GCC_NO_COMMON_BLOCKS = YES;
				GCC_WARN_64_TO_32_BIT_CONVERSION = YES;
				GCC_WARN_ABOUT_RETURN_TYPE = YES_ERROR;
				GCC_WARN_UNDECLARED_SELECTOR = YES;
				GCC_WARN_UNINITIALIZED_AUTOS = YES_AGGRESSIVE;
				GCC_WARN_UNUSED_FUNCTION = YES;
				GCC_WARN_UNUSED_VARIABLE = YES;
				IPHONEOS_DEPLOYMENT_TARGET = 10.2;
				MTL_ENABLE_DEBUG_INFO = NO;
				SDKROOT = iphoneos;
				SWIFT_OPTIMIZATION_LEVEL = "-Owholemodule";
				TARGETED_DEVICE_FAMILY = "1,2";
				VALIDATE_PRODUCT = YES;
			};
			name = Release;
		};
		FA3AEF2A1EC5178B009E6649 /* Debug */ = {
			isa = XCBuildConfiguration;
			buildSettings = {
				ASSETCATALOG_COMPILER_APPICON_NAME = AppIcon;
				DEVELOPMENT_TEAM = PB5FZN55H7;
				INFOPLIST_FILE = "IOS - TP2/Info.plist";
				LD_RUNPATH_SEARCH_PATHS = "$(inherited) @executable_path/Frameworks";
				PRODUCT_BUNDLE_IDENTIFIER = "com.agustinmounier.IOS---TP2";
				PRODUCT_NAME = "$(TARGET_NAME)";
				SWIFT_VERSION = 3.0;
			};
			name = Debug;
		};
		FA3AEF2B1EC5178B009E6649 /* Release */ = {
			isa = XCBuildConfiguration;
			buildSettings = {
				ASSETCATALOG_COMPILER_APPICON_NAME = AppIcon;
				DEVELOPMENT_TEAM = PB5FZN55H7;
				INFOPLIST_FILE = "IOS - TP2/Info.plist";
				LD_RUNPATH_SEARCH_PATHS = "$(inherited) @executable_path/Frameworks";
				PRODUCT_BUNDLE_IDENTIFIER = "com.agustinmounier.IOS---TP2";
				PRODUCT_NAME = "$(TARGET_NAME)";
				SWIFT_VERSION = 3.0;
			};
			name = Release;
		};
/* End XCBuildConfiguration section */

/* Begin XCConfigurationList section */
		FA3AEF0C1EC5178A009E6649 /* Build configuration list for PBXProject "IOS - TP2" */ = {
			isa = XCConfigurationList;
			buildConfigurations = (
				FA3AEF271EC5178B009E6649 /* Debug */,
				FA3AEF281EC5178B009E6649 /* Release */,
			);
			defaultConfigurationIsVisible = 0;
			defaultConfigurationName = Release;
		};
		FA3AEF291EC5178B009E6649 /* Build configuration list for PBXNativeTarget "IOS - TP2" */ = {
			isa = XCConfigurationList;
			buildConfigurations = (
				FA3AEF2A1EC5178B009E6649 /* Debug */,
				FA3AEF2B1EC5178B009E6649 /* Release */,
			);
			defaultConfigurationIsVisible = 0;
		};
/* End XCConfigurationList section */
	};
	rootObject = FA3AEF091EC5178A009E6649 /* Project object */;
}
